
Microsoft Visual Studio Solution File, Format Version 12.00
# Visual Studio Version 16
VisualStudioVersion = 16.0.30114.105
MinimumVisualStudioVersion = 10.0.40219.1
Project("{FAE04EC0-301F-11D3-BF4B-00C04F79EFBC}") = "ServiceDiscovery.Consul", "ServiceDiscovery.Consul\ServiceDiscovery.Consul.csproj", "{EDA2571D-486B-48A0-8F6A-BF3DFA29A193}"
EndProject
Project("{2150E333-8FDC-42A3-9474-1A3956D46DE8}") = "sandbox", "sandbox", "{0992F657-044D-4B95-AD12-D21F2ABC7E9B}"
EndProject
Project("{FAE04EC0-301F-11D3-BF4B-00C04F79EFBC}") = "ServiceDiscovery.Consul.Sandbox.Mvc", "sandbox\ServiceDiscovery.Consul.Sandbox.Mvc\ServiceDiscovery.Consul.Sandbox.Mvc.csproj", "{EDE7C645-63ED-4434-8A6E-EDFF7C08CDA4}"
EndProject
Project("{FAE04EC0-301F-11D3-BF4B-00C04F79EFBC}") = "ServiceDiscovery.Consul.Sandbox.Api", "sandbox\ServiceDiscovery.Consul.Sandbox.Api\ServiceDiscovery.Consul.Sandbox.Api.csproj", "{65C0870E-EC89-42A4-AC1B-4621E7BC8732}"
EndProject
Global
	GlobalSection(SolutionConfigurationPlatforms) = preSolution
		Debug|Any CPU = Debug|Any CPU
		Debug|x64 = Debug|x64
		Debug|x86 = Debug|x86
		Release|Any CPU = Release|Any CPU
		Release|x64 = Release|x64
		Release|x86 = Release|x86
	EndGlobalSection
	GlobalSection(SolutionProperties) = preSolution
		HideSolutionNode = FALSE
	EndGlobalSection
	GlobalSection(ProjectConfigurationPlatforms) = postSolution
		{EDA2571D-486B-48A0-8F6A-BF3DFA29A193}.Debug|Any CPU.ActiveCfg = Debug|Any CPU
		{EDA2571D-486B-48A0-8F6A-BF3DFA29A193}.Debug|Any CPU.Build.0 = Debug|Any CPU
		{EDA2571D-486B-48A0-8F6A-BF3DFA29A193}.Debug|x64.ActiveCfg = Debug|Any CPU
		{EDA2571D-486B-48A0-8F6A-BF3DFA29A193}.Debug|x64.Build.0 = Debug|Any CPU
		{EDA2571D-486B-48A0-8F6A-BF3DFA29A193}.Debug|x86.ActiveCfg = Debug|Any CPU
		{EDA2571D-486B-48A0-8F6A-BF3DFA29A193}.Debug|x86.Build.0 = Debug|Any CPU
		{EDA2571D-486B-48A0-8F6A-BF3DFA29A193}.Release|Any CPU.ActiveCfg = Release|Any CPU
		{EDA2571D-486B-48A0-8F6A-BF3DFA29A193}.Release|Any CPU.Build.0 = Release|Any CPU
		{EDA2571D-486B-48A0-8F6A-BF3DFA29A193}.Release|x64.ActiveCfg = Release|Any CPU
		{EDA2571D-486B-48A0-8F6A-BF3DFA29A193}.Release|x64.Build.0 = Release|Any CPU
		{EDA2571D-486B-48A0-8F6A-BF3DFA29A193}.Release|x86.ActiveCfg = Release|Any CPU
		{EDA2571D-486B-48A0-8F6A-BF3DFA29A193}.Release|x86.Build.0 = Release|Any CPU
		{EDE7C645-63ED-4434-8A6E-EDFF7C08CDA4}.Debug|Any CPU.ActiveCfg = Debug|Any CPU
		{EDE7C645-63ED-4434-8A6E-EDFF7C08CDA4}.Debug|Any CPU.Build.0 = Debug|Any CPU
		{EDE7C645-63ED-4434-8A6E-EDFF7C08CDA4}.Debug|x64.ActiveCfg = Debug|Any CPU
		{EDE7C645-63ED-4434-8A6E-EDFF7C08CDA4}.Debug|x64.Build.0 = Debug|Any CPU
		{EDE7C645-63ED-4434-8A6E-EDFF7C08CDA4}.Debug|x86.ActiveCfg = Debug|Any CPU
		{EDE7C645-63ED-4434-8A6E-EDFF7C08CDA4}.Debug|x86.Build.0 = Debug|Any CPU
		{EDE7C645-63ED-4434-8A6E-EDFF7C08CDA4}.Release|Any CPU.ActiveCfg = Release|Any CPU
		{EDE7C645-63ED-4434-8A6E-EDFF7C08CDA4}.Release|Any CPU.Build.0 = Release|Any CPU
		{EDE7C645-63ED-4434-8A6E-EDFF7C08CDA4}.Release|x64.ActiveCfg = Release|Any CPU
		{EDE7C645-63ED-4434-8A6E-EDFF7C08CDA4}.Release|x64.Build.0 = Release|Any CPU
		{EDE7C645-63ED-4434-8A6E-EDFF7C08CDA4}.Release|x86.ActiveCfg = Release|Any CPU
		{EDE7C645-63ED-4434-8A6E-EDFF7C08CDA4}.Release|x86.Build.0 = Release|Any CPU
		{65C0870E-EC89-42A4-AC1B-4621E7BC8732}.Debug|Any CPU.ActiveCfg = Debug|Any CPU
		{65C0870E-EC89-42A4-AC1B-4621E7BC8732}.Debug|Any CPU.Build.0 = Debug|Any CPU
		{65C0870E-EC89-42A4-AC1B-4621E7BC8732}.Debug|x64.ActiveCfg = Debug|Any CPU
		{65C0870E-EC89-42A4-AC1B-4621E7BC8732}.Debug|x64.Build.0 = Debug|Any CPU
		{65C0870E-EC89-42A4-AC1B-4621E7BC8732}.Debug|x86.ActiveCfg = Debug|Any CPU
		{65C0870E-EC89-42A4-AC1B-4621E7BC8732}.Debug|x86.Build.0 = Debug|Any CPU
		{65C0870E-EC89-42A4-AC1B-4621E7BC8732}.Release|Any CPU.ActiveCfg = Release|Any CPU
		{65C0870E-EC89-42A4-AC1B-4621E7BC8732}.Release|Any CPU.Build.0 = Release|Any CPU
		{65C0870E-EC89-42A4-AC1B-4621E7BC8732}.Release|x64.ActiveCfg = Release|Any CPU
		{65C0870E-EC89-42A4-AC1B-4621E7BC8732}.Release|x64.Build.0 = Release|Any CPU
		{65C0870E-EC89-42A4-AC1B-4621E7BC8732}.Release|x86.ActiveCfg = Release|Any CPU
		{65C0870E-EC89-42A4-AC1B-4621E7BC8732}.Release|x86.Build.0 = Release|Any CPU
	EndGlobalSection
	GlobalSection(NestedProjects) = preSolution
		{EDE7C645-63ED-4434-8A6E-EDFF7C08CDA4} = {0992F657-044D-4B95-AD12-D21F2ABC7E9B}
		{65C0870E-EC89-42A4-AC1B-4621E7BC8732} = {0992F657-044D-4B95-AD12-D21F2ABC7E9B}
	EndGlobalSection
EndGlobal
